
Microsoft Visual Studio Solution File, Format Version 12.00
# Visual Studio Version 16
VisualStudioVersion = 16.0.29519.87
MinimumVisualStudioVersion = 10.0.40219.1
Project("{FAE04EC0-301F-11D3-BF4B-00C04F79EFBC}") = "model_prac9", "model_prac9\model_prac9.csproj", "{32E861A4-24FA-4B70-90F7-18DFEB9D9086}"
EndProject
Global
	GlobalSection(SolutionConfigurationPlatforms) = preSolution
		Debug|Any CPU = Debug|Any CPU
		Release|Any CPU = Release|Any CPU
	EndGlobalSection
	GlobalSection(ProjectConfigurationPlatforms) = postSolution
		{32E861A4-24FA-4B70-90F7-18DFEB9D9086}.Debug|Any CPU.ActiveCfg = Debug|Any CPU
		{32E861A4-24FA-4B70-90F7-18DFEB9D9086}.Debug|Any CPU.Build.0 = Debug|Any CPU
		{32E861A4-24FA-4B70-90F7-18DFEB9D9086}.Release|Any CPU.ActiveCfg = Release|Any CPU
		{32E861A4-24FA-4B70-90F7-18DFEB9D9086}.Release|Any CPU.Build.0 = Release|Any CPU
	EndGlobalSection
	GlobalSection(SolutionProperties) = preSolution
		HideSolutionNode = FALSE
	EndGlobalSection
	GlobalSection(ExtensibilityGlobals) = postSolution
		SolutionGuid = {C5E306D0-2C51-44D5-8D3D-1D8D6386C913}
	EndGlobalSection
EndGlobal
